
Microsoft Visual Studio Solution File, Format Version 12.00
# Visual Studio Version 17
VisualStudioVersion = 17.0.31903.59
MinimumVisualStudioVersion = 10.0.40219.1
Project("{2150E333-8FDC-42A3-9474-1A3956D46DE8}") = "src", "src", "{6ED356A7-8B47-4613-AD01-C85CF28491BD}"
EndProject
Project("{2150E333-8FDC-42A3-9474-1A3956D46DE8}") = "tests", "tests", "{664D406C-2F83-48F0-BFC3-408D5CB53C65}"
EndProject
Project("{2150E333-8FDC-42A3-9474-1A3956D46DE8}") = "docs", "docs", "{A82118B8-A854-4C67-914B-69B28B8F1CB3}"
	ProjectSection(SolutionItems) = preProject
		README.md = README.md
	EndProjectSection
EndProject
Project("{2150E333-8FDC-42A3-9474-1A3956D46DE8}") = "Core", "Core", "{C018303C-1191-4650-B4E4-DC0F0A28DD7A}"
EndProject
Project("{2150E333-8FDC-42A3-9474-1A3956D46DE8}") = "Modules", "Modules", "{597A1922-0077-4B0D-B1AF-8902BCCAE0CC}"
EndProject
Project("{2150E333-8FDC-42A3-9474-1A3956D46DE8}") = "WebUI", "WebUI", "{C5D6B650-B21C-4E6E-8262-B3FFC310A205}"
EndProject
Project("{2150E333-8FDC-42A3-9474-1A3956D46DE8}") = "Core", "Core", "{EC3FF5EE-C341-49A9-9D27-2D70BD2AFC13}"
EndProject
Project("{2150E333-8FDC-42A3-9474-1A3956D46DE8}") = "Modules", "Modules", "{C6329D4F-C5BB-4DDD-86C0-E1B6CCB9E237}"
EndProject
Project("{2150E333-8FDC-42A3-9474-1A3956D46DE8}") = "WebUI", "WebUI", "{B7642DE0-0098-49DD-AB8B-191506DB673D}"
EndProject
Project("{2150E333-8FDC-42A3-9474-1A3956D46DE8}") = "Users", "Users", "{C7A02957-1946-49DF-B9AC-55201343BE26}"
EndProject
Project("{2150E333-8FDC-42A3-9474-1A3956D46DE8}") = "Contents", "Contents", "{70706EAE-6F9D-4266-BE60-3C7CCF8EB72F}"
EndProject
Project("{9A19103F-16F7-4668-BE54-9A1E7A4F7556}") = "DoctorLoan.Application", "src\Core\DoctorLoan.Application\DoctorLoan.Application.csproj", "{B6944FAB-F3E8-4D54-8EBC-9F32A21DA3E4}"
EndProject
Project("{9A19103F-16F7-4668-BE54-9A1E7A4F7556}") = "DoctorLoan.Domain", "src\Core\DoctorLoan.Domain\DoctorLoan.Domain.csproj", "{4E152B4A-D06B-485E-A523-61C666A75380}"
EndProject
Project("{9A19103F-16F7-4668-BE54-9A1E7A4F7556}") = "DoctorLoan.Infrastructure", "src\Core\DoctorLoan.Infrastructure\DoctorLoan.Infrastructure.csproj", "{D1B670F9-983B-461F-A6D6-47DC8CD39C7E}"
EndProject
Project("{9A19103F-16F7-4668-BE54-9A1E7A4F7556}") = "DoctorLoan.Contents.Application", "src\Modules\Documents\DoctorLoan.Documents.Application\DoctorLoan.Contents.Application.csproj", "{1D29C65D-1CBB-4583-98BD-B315DF3AD982}"
EndProject
Project("{9A19103F-16F7-4668-BE54-9A1E7A4F7556}") = "DoctorLoan.Contents.Infrastructure", "src\Modules\Documents\DoctorLoan.Documents.Domain\DoctorLoan.Contents.Infrastructure.csproj", "{E6BF4354-22B3-4033-9132-7229C78F5F7D}"
EndProject
Project("{9A19103F-16F7-4668-BE54-9A1E7A4F7556}") = "DoctorLoan.Contents.WebUI", "src\Modules\Documents\DoctorLoan.Documents.WebUI\DoctorLoan.Contents.WebUI.csproj", "{DDE7FCD7-876D-4B81-AC2A-9AF4A771EF3A}"
EndProject
Project("{2150E333-8FDC-42A3-9474-1A3956D46DE8}") = "Authenticates", "Authenticates", "{26A329A1-0B44-432F-9681-5E33FC98745A}"
EndProject
Project("{9A19103F-16F7-4668-BE54-9A1E7A4F7556}") = "DoctorLoan.Authen.Application", "src\Modules\Authenticates\DoctorLoan.Authen.Application\DoctorLoan.Authen.Application.csproj", "{C9EFC337-B8CC-4F19-A5A4-8664FBF5025B}"
EndProject
Project("{9A19103F-16F7-4668-BE54-9A1E7A4F7556}") = "DoctorLoan.Authen.Infrastructure", "src\Modules\Authenticates\DoctorLoan.Authen.Infrastructure\DoctorLoan.Authen.Infrastructure.csproj", "{1FF21D7E-F789-413D-8712-1AE2E44218E3}"
EndProject
Project("{9A19103F-16F7-4668-BE54-9A1E7A4F7556}") = "DoctorLoan.Authen.WebUI", "src\Modules\Authenticates\DoctorLoan.Authen.WebUI\DoctorLoan.Authen.WebUI.csproj", "{45466365-28C0-4CE3-A75D-C045D36002CE}"
EndProject
Project("{2150E333-8FDC-42A3-9474-1A3956D46DE8}") = "Users", "Users", "{44BDFE87-6FD9-4A28-BC96-AE40E124F08D}"
EndProject
Project("{9A19103F-16F7-4668-BE54-9A1E7A4F7556}") = "DoctorLoan.User.Application", "src\Modules\Users\DoctorLoan.User.Application\DoctorLoan.User.Application.csproj", "{A2C35309-329F-4671-838A-561470B02259}"
EndProject
Project("{9A19103F-16F7-4668-BE54-9A1E7A4F7556}") = "DoctorLoan.User.Infrastructure", "src\Modules\Users\DoctorLoan.User.Infrastructure\DoctorLoan.User.Infrastructure.csproj", "{469CACF8-521B-46E5-B65E-590D5C64B30E}"
EndProject
Project("{9A19103F-16F7-4668-BE54-9A1E7A4F7556}") = "DoctorLoan.User.WebUI", "src\Modules\Users\DoctorLoan.User.WebUI\DoctorLoan.User.WebUI.csproj", "{8ED2505A-D921-4E4C-8CF6-58FE3762DA91}"
EndProject
Project("{2150E333-8FDC-42A3-9474-1A3956D46DE8}") = "Commons", "Commons", "{1A4C9124-7C35-4511-9451-7318A7B39132}"
EndProject
Project("{9A19103F-16F7-4668-BE54-9A1E7A4F7556}") = "DoctorLoan.Common.Application", "src\Modules\Commons\DoctorLoan.Common.Application\DoctorLoan.Common.Application.csproj", "{141813E5-5105-4E22-876E-18B719667F22}"
EndProject
Project("{9A19103F-16F7-4668-BE54-9A1E7A4F7556}") = "DoctorLoan.Common.Infrastructure", "src\Modules\Commons\DoctorLoan.Common.Infrastructure\DoctorLoan.Common.Infrastructure.csproj", "{9FF4E782-127B-42D7-B2BD-BBC41CD1512D}"
EndProject
Project("{9A19103F-16F7-4668-BE54-9A1E7A4F7556}") = "DoctorLoan.Common.WebUI", "src\Modules\Commons\DoctorLoan.Common.WebUI\DoctorLoan.Common.WebUI.csproj", "{3D976FF9-38F5-4AE1-B906-B99D32E27850}"
EndProject
Project("{9A19103F-16F7-4668-BE54-9A1E7A4F7556}") = "DoctorLoan.WebAPI", "src\WebUI\DoctorLoan.WebAPI\DoctorLoan.WebAPI.csproj", "{0747120E-642C-404A-A56B-22FD7D905D78}"
EndProject
Project("{2150E333-8FDC-42A3-9474-1A3956D46DE8}") = "Products", "Products", "{07BBC021-0E42-404B-B730-44C2C7373D3E}"
EndProject
Project("{9A19103F-16F7-4668-BE54-9A1E7A4F7556}") = "DoctorLoan.Products.Application", "src\Modules\Products\DoctorLoan.Products.Application\DoctorLoan.Products.Application.csproj", "{1A834FF9-2B9D-458B-ADD5-E1EAEDC55F48}"
EndProject
Project("{9A19103F-16F7-4668-BE54-9A1E7A4F7556}") = "DoctorLoan.Products.WebUI", "src\Modules\Products\DoctorLoan.Products.WebUI\DoctorLoan.Products.WebUI.csproj", "{40C32AC1-3047-450E-A902-195339AEAB1F}"
EndProject
Project("{2150E333-8FDC-42A3-9474-1A3956D46DE8}") = "News", "News", "{3C98CF8F-69B6-4603-905C-8826CD94C7F5}"
EndProject
Project("{9A19103F-16F7-4668-BE54-9A1E7A4F7556}") = "DoctorLoan.News.Application", "src\Modules\News\DoctorLoan.News.Application\DoctorLoan.News.Application.csproj", "{0F87D3A2-9B03-437C-92C9-55141A23F51B}"
EndProject
Project("{9A19103F-16F7-4668-BE54-9A1E7A4F7556}") = "DoctorLoan.News.WebUI", "src\Modules\News\DoctorLoan.News.WebUI\DoctorLoan.News.WebUI.csproj", "{387D8EA4-DCC2-4C86-8E61-A1864D5ED958}"
EndProject
Project("{2150E333-8FDC-42A3-9474-1A3956D46DE8}") = "Customers", "Customers", "{63234815-CD37-4001-8426-FFCAF77CD03C}"
EndProject
Project("{9A19103F-16F7-4668-BE54-9A1E7A4F7556}") = "DoctorLoan.Customer.Application", "src\Modules\Customers\DoctorLoan.Customer.Application\DoctorLoan.Customer.Application.csproj", "{A10A5B7A-E6A1-448A-87AF-D8459305811C}"
EndProject
Project("{9A19103F-16F7-4668-BE54-9A1E7A4F7556}") = "DoctorLoan.Customer.Infrastructure", "src\Modules\Customers\DoctorLoan.Customer.Infrastructure\DoctorLoan.Customer.Infrastructure.csproj", "{8A458B72-7984-4606-86E7-E6E67F411A7E}"
EndProject
Project("{9A19103F-16F7-4668-BE54-9A1E7A4F7556}") = "DoctorLoan.Customer.WebUI", "src\Modules\Customers\DoctorLoan.Customer.WebUI\DoctorLoan.Customer.WebUI.csproj", "{EC3C3076-2756-42DF-B396-D1C9E2EB37DC}"
EndProject
Project("{2150E333-8FDC-42A3-9474-1A3956D46DE8}") = "Bookings", "Bookings", "{3921DF51-D045-4BA9-9464-2F13E9F06E89}"
EndProject
Project("{9A19103F-16F7-4668-BE54-9A1E7A4F7556}") = "DoctorLoan.Booking.Application", "src\Modules\Bookings\DoctorLoan.Booking.Application\DoctorLoan.Booking.Application.csproj", "{ACFBA65E-0E5D-4BD3-AB67-2950807839E5}"
EndProject
Project("{9A19103F-16F7-4668-BE54-9A1E7A4F7556}") = "DoctorLoan.Booking.Infrastructure", "src\Modules\Bookings\DoctorLoan.Booking.Infrastructure\DoctorLoan.Booking.Infrastructure.csproj", "{F0BE3C23-5454-4470-84A1-C553EC632EF8}"
EndProject
Project("{9A19103F-16F7-4668-BE54-9A1E7A4F7556}") = "DoctorLoan.Booking.WebUI", "src\Modules\Bookings\DoctorLoan.Booking.WebUI\DoctorLoan.Booking.WebUI.csproj", "{2D9F33C5-98A6-4FB8-BC6B-1248C6B78913}"
EndProject
Project("{2150E333-8FDC-42A3-9474-1A3956D46DE8}") = "Orders", "Orders", "{E887D281-2359-4934-BDA9-03880B8B0502}"
EndProject
Project("{9A19103F-16F7-4668-BE54-9A1E7A4F7556}") = "DoctorLoan.Order.Application", "src\Modules\Orders\DoctorLoan.Order.Application\DoctorLoan.Order.Application.csproj", "{A0F73D38-3176-4E2A-A257-05B4331E38F7}"
EndProject
Project("{9A19103F-16F7-4668-BE54-9A1E7A4F7556}") = "DoctorLoan.Order.Infrastructure", "src\Modules\Orders\DoctorLoan.Order.Infrastructure\DoctorLoan.Order.Infrastructure.csproj", "{211837A3-282C-41B6-AF7B-551B7A376A71}"
EndProject
Project("{9A19103F-16F7-4668-BE54-9A1E7A4F7556}") = "DoctorLoan.Order.WebUI", "src\Modules\Orders\DoctorLoan.Order.WebUI\DoctorLoan.Order.WebUI.csproj", "{E76F755D-65F5-47F8-9EA8-D3AB00DD0B2A}"
EndProject
Global
	GlobalSection(SolutionConfigurationPlatforms) = preSolution
		Debug|Any CPU = Debug|Any CPU
		Release|Any CPU = Release|Any CPU
	EndGlobalSection
	GlobalSection(ProjectConfigurationPlatforms) = postSolution
		{B6944FAB-F3E8-4D54-8EBC-9F32A21DA3E4}.Debug|Any CPU.ActiveCfg = Debug|Any CPU
		{B6944FAB-F3E8-4D54-8EBC-9F32A21DA3E4}.Debug|Any CPU.Build.0 = Debug|Any CPU
		{B6944FAB-F3E8-4D54-8EBC-9F32A21DA3E4}.Release|Any CPU.ActiveCfg = Release|Any CPU
		{B6944FAB-F3E8-4D54-8EBC-9F32A21DA3E4}.Release|Any CPU.Build.0 = Release|Any CPU
		{4E152B4A-D06B-485E-A523-61C666A75380}.Debug|Any CPU.ActiveCfg = Debug|Any CPU
		{4E152B4A-D06B-485E-A523-61C666A75380}.Debug|Any CPU.Build.0 = Debug|Any CPU
		{4E152B4A-D06B-485E-A523-61C666A75380}.Release|Any CPU.ActiveCfg = Release|Any CPU
		{4E152B4A-D06B-485E-A523-61C666A75380}.Release|Any CPU.Build.0 = Release|Any CPU
		{D1B670F9-983B-461F-A6D6-47DC8CD39C7E}.Debug|Any CPU.ActiveCfg = Debug|Any CPU
		{D1B670F9-983B-461F-A6D6-47DC8CD39C7E}.Debug|Any CPU.Build.0 = Debug|Any CPU
		{D1B670F9-983B-461F-A6D6-47DC8CD39C7E}.Release|Any CPU.ActiveCfg = Release|Any CPU
		{D1B670F9-983B-461F-A6D6-47DC8CD39C7E}.Release|Any CPU.Build.0 = Release|Any CPU
		{1D29C65D-1CBB-4583-98BD-B315DF3AD982}.Debug|Any CPU.ActiveCfg = Debug|Any CPU
		{1D29C65D-1CBB-4583-98BD-B315DF3AD982}.Debug|Any CPU.Build.0 = Debug|Any CPU
		{1D29C65D-1CBB-4583-98BD-B315DF3AD982}.Release|Any CPU.ActiveCfg = Release|Any CPU
		{1D29C65D-1CBB-4583-98BD-B315DF3AD982}.Release|Any CPU.Build.0 = Release|Any CPU
		{E6BF4354-22B3-4033-9132-7229C78F5F7D}.Debug|Any CPU.ActiveCfg = Debug|Any CPU
		{E6BF4354-22B3-4033-9132-7229C78F5F7D}.Debug|Any CPU.Build.0 = Debug|Any CPU
		{E6BF4354-22B3-4033-9132-7229C78F5F7D}.Release|Any CPU.ActiveCfg = Release|Any CPU
		{E6BF4354-22B3-4033-9132-7229C78F5F7D}.Release|Any CPU.Build.0 = Release|Any CPU
		{DDE7FCD7-876D-4B81-AC2A-9AF4A771EF3A}.Debug|Any CPU.ActiveCfg = Debug|Any CPU
		{DDE7FCD7-876D-4B81-AC2A-9AF4A771EF3A}.Debug|Any CPU.Build.0 = Debug|Any CPU
		{DDE7FCD7-876D-4B81-AC2A-9AF4A771EF3A}.Release|Any CPU.ActiveCfg = Release|Any CPU
		{DDE7FCD7-876D-4B81-AC2A-9AF4A771EF3A}.Release|Any CPU.Build.0 = Release|Any CPU
		{C9EFC337-B8CC-4F19-A5A4-8664FBF5025B}.Debug|Any CPU.ActiveCfg = Debug|Any CPU
		{C9EFC337-B8CC-4F19-A5A4-8664FBF5025B}.Debug|Any CPU.Build.0 = Debug|Any CPU
		{C9EFC337-B8CC-4F19-A5A4-8664FBF5025B}.Release|Any CPU.ActiveCfg = Release|Any CPU
		{C9EFC337-B8CC-4F19-A5A4-8664FBF5025B}.Release|Any CPU.Build.0 = Release|Any CPU
		{1FF21D7E-F789-413D-8712-1AE2E44218E3}.Debug|Any CPU.ActiveCfg = Debug|Any CPU
		{1FF21D7E-F789-413D-8712-1AE2E44218E3}.Debug|Any CPU.Build.0 = Debug|Any CPU
		{1FF21D7E-F789-413D-8712-1AE2E44218E3}.Release|Any CPU.ActiveCfg = Release|Any CPU
		{1FF21D7E-F789-413D-8712-1AE2E44218E3}.Release|Any CPU.Build.0 = Release|Any CPU
		{45466365-28C0-4CE3-A75D-C045D36002CE}.Debug|Any CPU.ActiveCfg = Debug|Any CPU
		{45466365-28C0-4CE3-A75D-C045D36002CE}.Debug|Any CPU.Build.0 = Debug|Any CPU
		{45466365-28C0-4CE3-A75D-C045D36002CE}.Release|Any CPU.ActiveCfg = Release|Any CPU
		{45466365-28C0-4CE3-A75D-C045D36002CE}.Release|Any CPU.Build.0 = Release|Any CPU
		{A2C35309-329F-4671-838A-561470B02259}.Debug|Any CPU.ActiveCfg = Debug|Any CPU
		{A2C35309-329F-4671-838A-561470B02259}.Debug|Any CPU.Build.0 = Debug|Any CPU
		{A2C35309-329F-4671-838A-561470B02259}.Release|Any CPU.ActiveCfg = Release|Any CPU
		{A2C35309-329F-4671-838A-561470B02259}.Release|Any CPU.Build.0 = Release|Any CPU
		{469CACF8-521B-46E5-B65E-590D5C64B30E}.Debug|Any CPU.ActiveCfg = Debug|Any CPU
		{469CACF8-521B-46E5-B65E-590D5C64B30E}.Debug|Any CPU.Build.0 = Debug|Any CPU
		{469CACF8-521B-46E5-B65E-590D5C64B30E}.Release|Any CPU.ActiveCfg = Release|Any CPU
		{469CACF8-521B-46E5-B65E-590D5C64B30E}.Release|Any CPU.Build.0 = Release|Any CPU
		{8ED2505A-D921-4E4C-8CF6-58FE3762DA91}.Debug|Any CPU.ActiveCfg = Debug|Any CPU
		{8ED2505A-D921-4E4C-8CF6-58FE3762DA91}.Debug|Any CPU.Build.0 = Debug|Any CPU
		{8ED2505A-D921-4E4C-8CF6-58FE3762DA91}.Release|Any CPU.ActiveCfg = Release|Any CPU
		{8ED2505A-D921-4E4C-8CF6-58FE3762DA91}.Release|Any CPU.Build.0 = Release|Any CPU
		{141813E5-5105-4E22-876E-18B719667F22}.Debug|Any CPU.ActiveCfg = Debug|Any CPU
		{141813E5-5105-4E22-876E-18B719667F22}.Debug|Any CPU.Build.0 = Debug|Any CPU
		{141813E5-5105-4E22-876E-18B719667F22}.Release|Any CPU.ActiveCfg = Release|Any CPU
		{141813E5-5105-4E22-876E-18B719667F22}.Release|Any CPU.Build.0 = Release|Any CPU
		{9FF4E782-127B-42D7-B2BD-BBC41CD1512D}.Debug|Any CPU.ActiveCfg = Debug|Any CPU
		{9FF4E782-127B-42D7-B2BD-BBC41CD1512D}.Debug|Any CPU.Build.0 = Debug|Any CPU
		{9FF4E782-127B-42D7-B2BD-BBC41CD1512D}.Release|Any CPU.ActiveCfg = Release|Any CPU
		{9FF4E782-127B-42D7-B2BD-BBC41CD1512D}.Release|Any CPU.Build.0 = Release|Any CPU
		{3D976FF9-38F5-4AE1-B906-B99D32E27850}.Debug|Any CPU.ActiveCfg = Debug|Any CPU
		{3D976FF9-38F5-4AE1-B906-B99D32E27850}.Debug|Any CPU.Build.0 = Debug|Any CPU
		{3D976FF9-38F5-4AE1-B906-B99D32E27850}.Release|Any CPU.ActiveCfg = Release|Any CPU
		{3D976FF9-38F5-4AE1-B906-B99D32E27850}.Release|Any CPU.Build.0 = Release|Any CPU
		{0747120E-642C-404A-A56B-22FD7D905D78}.Debug|Any CPU.ActiveCfg = Debug|Any CPU
		{0747120E-642C-404A-A56B-22FD7D905D78}.Debug|Any CPU.Build.0 = Debug|Any CPU
		{0747120E-642C-404A-A56B-22FD7D905D78}.Release|Any CPU.ActiveCfg = Release|Any CPU
		{0747120E-642C-404A-A56B-22FD7D905D78}.Release|Any CPU.Build.0 = Release|Any CPU
		{1A834FF9-2B9D-458B-ADD5-E1EAEDC55F48}.Debug|Any CPU.ActiveCfg = Debug|Any CPU
		{1A834FF9-2B9D-458B-ADD5-E1EAEDC55F48}.Debug|Any CPU.Build.0 = Debug|Any CPU
		{1A834FF9-2B9D-458B-ADD5-E1EAEDC55F48}.Release|Any CPU.ActiveCfg = Release|Any CPU
		{1A834FF9-2B9D-458B-ADD5-E1EAEDC55F48}.Release|Any CPU.Build.0 = Release|Any CPU
		{40C32AC1-3047-450E-A902-195339AEAB1F}.Debug|Any CPU.ActiveCfg = Debug|Any CPU
		{40C32AC1-3047-450E-A902-195339AEAB1F}.Debug|Any CPU.Build.0 = Debug|Any CPU
		{40C32AC1-3047-450E-A902-195339AEAB1F}.Release|Any CPU.ActiveCfg = Release|Any CPU
		{40C32AC1-3047-450E-A902-195339AEAB1F}.Release|Any CPU.Build.0 = Release|Any CPU
		{0F87D3A2-9B03-437C-92C9-55141A23F51B}.Debug|Any CPU.ActiveCfg = Debug|Any CPU
		{0F87D3A2-9B03-437C-92C9-55141A23F51B}.Debug|Any CPU.Build.0 = Debug|Any CPU
		{0F87D3A2-9B03-437C-92C9-55141A23F51B}.Release|Any CPU.ActiveCfg = Release|Any CPU
		{0F87D3A2-9B03-437C-92C9-55141A23F51B}.Release|Any CPU.Build.0 = Release|Any CPU
		{387D8EA4-DCC2-4C86-8E61-A1864D5ED958}.Debug|Any CPU.ActiveCfg = Debug|Any CPU
		{387D8EA4-DCC2-4C86-8E61-A1864D5ED958}.Debug|Any CPU.Build.0 = Debug|Any CPU
		{387D8EA4-DCC2-4C86-8E61-A1864D5ED958}.Release|Any CPU.ActiveCfg = Release|Any CPU
		{387D8EA4-DCC2-4C86-8E61-A1864D5ED958}.Release|Any CPU.Build.0 = Release|Any CPU
		{A10A5B7A-E6A1-448A-87AF-D8459305811C}.Debug|Any CPU.ActiveCfg = Debug|Any CPU
		{A10A5B7A-E6A1-448A-87AF-D8459305811C}.Debug|Any CPU.Build.0 = Debug|Any CPU
		{A10A5B7A-E6A1-448A-87AF-D8459305811C}.Release|Any CPU.ActiveCfg = Release|Any CPU
		{A10A5B7A-E6A1-448A-87AF-D8459305811C}.Release|Any CPU.Build.0 = Release|Any CPU
		{8A458B72-7984-4606-86E7-E6E67F411A7E}.Debug|Any CPU.ActiveCfg = Debug|Any CPU
		{8A458B72-7984-4606-86E7-E6E67F411A7E}.Debug|Any CPU.Build.0 = Debug|Any CPU
		{8A458B72-7984-4606-86E7-E6E67F411A7E}.Release|Any CPU.ActiveCfg = Release|Any CPU
		{8A458B72-7984-4606-86E7-E6E67F411A7E}.Release|Any CPU.Build.0 = Release|Any CPU
		{EC3C3076-2756-42DF-B396-D1C9E2EB37DC}.Debug|Any CPU.ActiveCfg = Debug|Any CPU
		{EC3C3076-2756-42DF-B396-D1C9E2EB37DC}.Debug|Any CPU.Build.0 = Debug|Any CPU
		{EC3C3076-2756-42DF-B396-D1C9E2EB37DC}.Release|Any CPU.ActiveCfg = Release|Any CPU
		{EC3C3076-2756-42DF-B396-D1C9E2EB37DC}.Release|Any CPU.Build.0 = Release|Any CPU
		{ACFBA65E-0E5D-4BD3-AB67-2950807839E5}.Debug|Any CPU.ActiveCfg = Debug|Any CPU
		{ACFBA65E-0E5D-4BD3-AB67-2950807839E5}.Debug|Any CPU.Build.0 = Debug|Any CPU
		{ACFBA65E-0E5D-4BD3-AB67-2950807839E5}.Release|Any CPU.ActiveCfg = Release|Any CPU
		{ACFBA65E-0E5D-4BD3-AB67-2950807839E5}.Release|Any CPU.Build.0 = Release|Any CPU
		{F0BE3C23-5454-4470-84A1-C553EC632EF8}.Debug|Any CPU.ActiveCfg = Debug|Any CPU
		{F0BE3C23-5454-4470-84A1-C553EC632EF8}.Debug|Any CPU.Build.0 = Debug|Any CPU
		{F0BE3C23-5454-4470-84A1-C553EC632EF8}.Release|Any CPU.ActiveCfg = Release|Any CPU
		{F0BE3C23-5454-4470-84A1-C553EC632EF8}.Release|Any CPU.Build.0 = Release|Any CPU
		{2D9F33C5-98A6-4FB8-BC6B-1248C6B78913}.Debug|Any CPU.ActiveCfg = Debug|Any CPU
		{2D9F33C5-98A6-4FB8-BC6B-1248C6B78913}.Debug|Any CPU.Build.0 = Debug|Any CPU
		{2D9F33C5-98A6-4FB8-BC6B-1248C6B78913}.Release|Any CPU.ActiveCfg = Release|Any CPU
		{2D9F33C5-98A6-4FB8-BC6B-1248C6B78913}.Release|Any CPU.Build.0 = Release|Any CPU
		{A0F73D38-3176-4E2A-A257-05B4331E38F7}.Debug|Any CPU.ActiveCfg = Debug|Any CPU
		{A0F73D38-3176-4E2A-A257-05B4331E38F7}.Debug|Any CPU.Build.0 = Debug|Any CPU
		{A0F73D38-3176-4E2A-A257-05B4331E38F7}.Release|Any CPU.ActiveCfg = Release|Any CPU
		{A0F73D38-3176-4E2A-A257-05B4331E38F7}.Release|Any CPU.Build.0 = Release|Any CPU
		{211837A3-282C-41B6-AF7B-551B7A376A71}.Debug|Any CPU.ActiveCfg = Debug|Any CPU
		{211837A3-282C-41B6-AF7B-551B7A376A71}.Debug|Any CPU.Build.0 = Debug|Any CPU
		{211837A3-282C-41B6-AF7B-551B7A376A71}.Release|Any CPU.ActiveCfg = Release|Any CPU
		{211837A3-282C-41B6-AF7B-551B7A376A71}.Release|Any CPU.Build.0 = Release|Any CPU
		{E76F755D-65F5-47F8-9EA8-D3AB00DD0B2A}.Debug|Any CPU.ActiveCfg = Debug|Any CPU
		{E76F755D-65F5-47F8-9EA8-D3AB00DD0B2A}.Debug|Any CPU.Build.0 = Debug|Any CPU
		{E76F755D-65F5-47F8-9EA8-D3AB00DD0B2A}.Release|Any CPU.ActiveCfg = Release|Any CPU
		{E76F755D-65F5-47F8-9EA8-D3AB00DD0B2A}.Release|Any CPU.Build.0 = Release|Any CPU
	EndGlobalSection
	GlobalSection(SolutionProperties) = preSolution
		HideSolutionNode = FALSE
	EndGlobalSection
	GlobalSection(NestedProjects) = preSolution
		{C018303C-1191-4650-B4E4-DC0F0A28DD7A} = {6ED356A7-8B47-4613-AD01-C85CF28491BD}
		{597A1922-0077-4B0D-B1AF-8902BCCAE0CC} = {6ED356A7-8B47-4613-AD01-C85CF28491BD}
		{C5D6B650-B21C-4E6E-8262-B3FFC310A205} = {6ED356A7-8B47-4613-AD01-C85CF28491BD}
		{EC3FF5EE-C341-49A9-9D27-2D70BD2AFC13} = {664D406C-2F83-48F0-BFC3-408D5CB53C65}
		{C6329D4F-C5BB-4DDD-86C0-E1B6CCB9E237} = {664D406C-2F83-48F0-BFC3-408D5CB53C65}
		{B7642DE0-0098-49DD-AB8B-191506DB673D} = {664D406C-2F83-48F0-BFC3-408D5CB53C65}
		{C7A02957-1946-49DF-B9AC-55201343BE26} = {C6329D4F-C5BB-4DDD-86C0-E1B6CCB9E237}
		{70706EAE-6F9D-4266-BE60-3C7CCF8EB72F} = {597A1922-0077-4B0D-B1AF-8902BCCAE0CC}
		{B6944FAB-F3E8-4D54-8EBC-9F32A21DA3E4} = {C018303C-1191-4650-B4E4-DC0F0A28DD7A}
		{4E152B4A-D06B-485E-A523-61C666A75380} = {C018303C-1191-4650-B4E4-DC0F0A28DD7A}
		{D1B670F9-983B-461F-A6D6-47DC8CD39C7E} = {C018303C-1191-4650-B4E4-DC0F0A28DD7A}
		{1D29C65D-1CBB-4583-98BD-B315DF3AD982} = {70706EAE-6F9D-4266-BE60-3C7CCF8EB72F}
		{E6BF4354-22B3-4033-9132-7229C78F5F7D} = {70706EAE-6F9D-4266-BE60-3C7CCF8EB72F}
		{DDE7FCD7-876D-4B81-AC2A-9AF4A771EF3A} = {70706EAE-6F9D-4266-BE60-3C7CCF8EB72F}
		{26A329A1-0B44-432F-9681-5E33FC98745A} = {597A1922-0077-4B0D-B1AF-8902BCCAE0CC}
		{C9EFC337-B8CC-4F19-A5A4-8664FBF5025B} = {26A329A1-0B44-432F-9681-5E33FC98745A}
		{1FF21D7E-F789-413D-8712-1AE2E44218E3} = {26A329A1-0B44-432F-9681-5E33FC98745A}
		{45466365-28C0-4CE3-A75D-C045D36002CE} = {26A329A1-0B44-432F-9681-5E33FC98745A}
		{44BDFE87-6FD9-4A28-BC96-AE40E124F08D} = {597A1922-0077-4B0D-B1AF-8902BCCAE0CC}
		{A2C35309-329F-4671-838A-561470B02259} = {44BDFE87-6FD9-4A28-BC96-AE40E124F08D}
		{469CACF8-521B-46E5-B65E-590D5C64B30E} = {44BDFE87-6FD9-4A28-BC96-AE40E124F08D}
		{8ED2505A-D921-4E4C-8CF6-58FE3762DA91} = {44BDFE87-6FD9-4A28-BC96-AE40E124F08D}
		{1A4C9124-7C35-4511-9451-7318A7B39132} = {597A1922-0077-4B0D-B1AF-8902BCCAE0CC}
		{141813E5-5105-4E22-876E-18B719667F22} = {1A4C9124-7C35-4511-9451-7318A7B39132}
		{9FF4E782-127B-42D7-B2BD-BBC41CD1512D} = {1A4C9124-7C35-4511-9451-7318A7B39132}
		{3D976FF9-38F5-4AE1-B906-B99D32E27850} = {1A4C9124-7C35-4511-9451-7318A7B39132}
		{0747120E-642C-404A-A56B-22FD7D905D78} = {C5D6B650-B21C-4E6E-8262-B3FFC310A205}
		{07BBC021-0E42-404B-B730-44C2C7373D3E} = {597A1922-0077-4B0D-B1AF-8902BCCAE0CC}
		{1A834FF9-2B9D-458B-ADD5-E1EAEDC55F48} = {07BBC021-0E42-404B-B730-44C2C7373D3E}
		{40C32AC1-3047-450E-A902-195339AEAB1F} = {07BBC021-0E42-404B-B730-44C2C7373D3E}
		{3C98CF8F-69B6-4603-905C-8826CD94C7F5} = {597A1922-0077-4B0D-B1AF-8902BCCAE0CC}
		{0F87D3A2-9B03-437C-92C9-55141A23F51B} = {3C98CF8F-69B6-4603-905C-8826CD94C7F5}
		{387D8EA4-DCC2-4C86-8E61-A1864D5ED958} = {3C98CF8F-69B6-4603-905C-8826CD94C7F5}
		{63234815-CD37-4001-8426-FFCAF77CD03C} = {597A1922-0077-4B0D-B1AF-8902BCCAE0CC}
		{A10A5B7A-E6A1-448A-87AF-D8459305811C} = {63234815-CD37-4001-8426-FFCAF77CD03C}
		{8A458B72-7984-4606-86E7-E6E67F411A7E} = {63234815-CD37-4001-8426-FFCAF77CD03C}
		{EC3C3076-2756-42DF-B396-D1C9E2EB37DC} = {63234815-CD37-4001-8426-FFCAF77CD03C}
		{3921DF51-D045-4BA9-9464-2F13E9F06E89} = {597A1922-0077-4B0D-B1AF-8902BCCAE0CC}
		{ACFBA65E-0E5D-4BD3-AB67-2950807839E5} = {3921DF51-D045-4BA9-9464-2F13E9F06E89}
		{F0BE3C23-5454-4470-84A1-C553EC632EF8} = {3921DF51-D045-4BA9-9464-2F13E9F06E89}
		{2D9F33C5-98A6-4FB8-BC6B-1248C6B78913} = {3921DF51-D045-4BA9-9464-2F13E9F06E89}
		{E887D281-2359-4934-BDA9-03880B8B0502} = {597A1922-0077-4B0D-B1AF-8902BCCAE0CC}
		{A0F73D38-3176-4E2A-A257-05B4331E38F7} = {E887D281-2359-4934-BDA9-03880B8B0502}
		{211837A3-282C-41B6-AF7B-551B7A376A71} = {E887D281-2359-4934-BDA9-03880B8B0502}
		{E76F755D-65F5-47F8-9EA8-D3AB00DD0B2A} = {E887D281-2359-4934-BDA9-03880B8B0502}
	EndGlobalSection
	GlobalSection(ExtensibilityGlobals) = postSolution
		SolutionGuid = {3CB609D9-5D54-4C11-A371-DAAC8B74E430}
	EndGlobalSection
EndGlobal
